
Microsoft Visual Studio Solution File, Format Version 12.00
# Visual Studio Version 17
VisualStudioVersion = 17.11.35327.3
MinimumVisualStudioVersion = 10.0.40219.1
Project("{FAE04EC0-301F-11D3-BF4B-00C04F79EFBC}") = "MindMapper.Server", "MindMapper.Server\MindMapper.Server.csproj", "{0FE6657C-F5B3-4A1E-B8A4-15E4B70638CD}"
EndProject
Project("{54A90642-561A-4BB1-A94E-469ADEE60C69}") = "mindmapper.client", "mindmapper.client\mindmapper.client.esproj", "{A4D28E0B-5B48-4A14-9473-E96D74C69DC7}"
EndProject
Project("{FAE04EC0-301F-11D3-BF4B-00C04F79EFBC}") = "MindMapper.Data", "MindMapper.Data\MindMapper.Data.csproj", "{DA753075-35FB-40C3-8190-0D0D5169B28C}"
EndProject
Global
	GlobalSection(SolutionConfigurationPlatforms) = preSolution
		Debug|Any CPU = Debug|Any CPU
		Release|Any CPU = Release|Any CPU
	EndGlobalSection
	GlobalSection(ProjectConfigurationPlatforms) = postSolution
		{0FE6657C-F5B3-4A1E-B8A4-15E4B70638CD}.Debug|Any CPU.ActiveCfg = Debug|Any CPU
		{0FE6657C-F5B3-4A1E-B8A4-15E4B70638CD}.Debug|Any CPU.Build.0 = Debug|Any CPU
		{0FE6657C-F5B3-4A1E-B8A4-15E4B70638CD}.Release|Any CPU.ActiveCfg = Release|Any CPU
		{0FE6657C-F5B3-4A1E-B8A4-15E4B70638CD}.Release|Any CPU.Build.0 = Release|Any CPU
		{A4D28E0B-5B48-4A14-9473-E96D74C69DC7}.Debug|Any CPU.ActiveCfg = Debug|Any CPU
		{A4D28E0B-5B48-4A14-9473-E96D74C69DC7}.Debug|Any CPU.Build.0 = Debug|Any CPU
		{A4D28E0B-5B48-4A14-9473-E96D74C69DC7}.Debug|Any CPU.Deploy.0 = Debug|Any CPU
		{A4D28E0B-5B48-4A14-9473-E96D74C69DC7}.Release|Any CPU.ActiveCfg = Release|Any CPU
		{A4D28E0B-5B48-4A14-9473-E96D74C69DC7}.Release|Any CPU.Build.0 = Release|Any CPU
		{A4D28E0B-5B48-4A14-9473-E96D74C69DC7}.Release|Any CPU.Deploy.0 = Release|Any CPU
		{DA753075-35FB-40C3-8190-0D0D5169B28C}.Debug|Any CPU.ActiveCfg = Debug|Any CPU
		{DA753075-35FB-40C3-8190-0D0D5169B28C}.Debug|Any CPU.Build.0 = Debug|Any CPU
		{DA753075-35FB-40C3-8190-0D0D5169B28C}.Release|Any CPU.ActiveCfg = Release|Any CPU
		{DA753075-35FB-40C3-8190-0D0D5169B28C}.Release|Any CPU.Build.0 = Release|Any CPU
	EndGlobalSection
	GlobalSection(SolutionProperties) = preSolution
		HideSolutionNode = FALSE
	EndGlobalSection
	GlobalSection(ExtensibilityGlobals) = postSolution
		SolutionGuid = {A7ACEC8F-38A5-4327-BB8C-98A6B3679F48}
	EndGlobalSection
EndGlobal
